
Microsoft Visual Studio Solution File, Format Version 12.00
# Visual Studio 14
VisualStudioVersion = 14.0.23107.0
MinimumVisualStudioVersion = 10.0.40219.1
Project("{D954291E-2A0B-460D-934E-DC6B0785DB48}") = "RCInventory", "RCInventory\RCInventory\RCInventory.shproj", "{24BF0209-431B-410F-84F9-D13C6B930FF6}"
EndProject
Project("{FAE04EC0-301F-11D3-BF4B-00C04F79EFBC}") = "RCInventory.WinPhone", "RCInventory\RCInventory.WinPhone\RCInventory.WinPhone.csproj", "{15A81303-8FF9-47E9-A4A5-6A76B97D7DDD}"
EndProject
Project("{FAE04EC0-301F-11D3-BF4B-00C04F79EFBC}") = "RCInventory.iOS", "RCInventory\RCInventory.iOS\RCInventory.iOS.csproj", "{D70CCC96-BB00-48F1-8A03-ECCE04D7EB6E}"
EndProject
Project("{FAE04EC0-301F-11D3-BF4B-00C04F79EFBC}") = "RCInventory.Droid", "RCInventory\RCInventory.Droid\RCInventory.Droid.csproj", "{57A88BA1-2334-4838-B3AE-98EE1608767D}"
EndProject
Global
	GlobalSection(SharedMSBuildProjectFiles) = preSolution
		RCInventory\RCInventory\RCInventory.projitems*{d70ccc96-bb00-48f1-8a03-ecce04d7eb6e}*SharedItemsImports = 4
		RCInventory\RCInventory\RCInventory.projitems*{24bf0209-431b-410f-84f9-d13c6b930ff6}*SharedItemsImports = 13
		RCInventory\RCInventory\RCInventory.projitems*{57a88ba1-2334-4838-b3ae-98ee1608767d}*SharedItemsImports = 4
		RCInventory\RCInventory\RCInventory.projitems*{15a81303-8ff9-47e9-a4a5-6a76b97d7ddd}*SharedItemsImports = 4
	EndGlobalSection
	GlobalSection(SolutionConfigurationPlatforms) = preSolution
		Ad-Hoc|Any CPU = Ad-Hoc|Any CPU
		Ad-Hoc|ARM = Ad-Hoc|ARM
		Ad-Hoc|iPhone = Ad-Hoc|iPhone
		Ad-Hoc|iPhoneSimulator = Ad-Hoc|iPhoneSimulator
		Ad-Hoc|x86 = Ad-Hoc|x86
		AppStore|Any CPU = AppStore|Any CPU
		AppStore|ARM = AppStore|ARM
		AppStore|iPhone = AppStore|iPhone
		AppStore|iPhoneSimulator = AppStore|iPhoneSimulator
		AppStore|x86 = AppStore|x86
		Debug|Any CPU = Debug|Any CPU
		Debug|ARM = Debug|ARM
		Debug|iPhone = Debug|iPhone
		Debug|iPhoneSimulator = Debug|iPhoneSimulator
		Debug|x86 = Debug|x86
		Release|Any CPU = Release|Any CPU
		Release|ARM = Release|ARM
		Release|iPhone = Release|iPhone
		Release|iPhoneSimulator = Release|iPhoneSimulator
		Release|x86 = Release|x86
	EndGlobalSection
	GlobalSection(ProjectConfigurationPlatforms) = postSolution
		{15A81303-8FF9-47E9-A4A5-6A76B97D7DDD}.Ad-Hoc|Any CPU.ActiveCfg = Release|Any CPU
		{15A81303-8FF9-47E9-A4A5-6A76B97D7DDD}.Ad-Hoc|Any CPU.Build.0 = Release|Any CPU
		{15A81303-8FF9-47E9-A4A5-6A76B97D7DDD}.Ad-Hoc|Any CPU.Deploy.0 = Release|Any CPU
		{15A81303-8FF9-47E9-A4A5-6A76B97D7DDD}.Ad-Hoc|ARM.ActiveCfg = Release|ARM
		{15A81303-8FF9-47E9-A4A5-6A76B97D7DDD}.Ad-Hoc|ARM.Build.0 = Release|ARM
		{15A81303-8FF9-47E9-A4A5-6A76B97D7DDD}.Ad-Hoc|ARM.Deploy.0 = Release|ARM
		{15A81303-8FF9-47E9-A4A5-6A76B97D7DDD}.Ad-Hoc|iPhone.ActiveCfg = Release|Any CPU
		{15A81303-8FF9-47E9-A4A5-6A76B97D7DDD}.Ad-Hoc|iPhone.Build.0 = Release|Any CPU
		{15A81303-8FF9-47E9-A4A5-6A76B97D7DDD}.Ad-Hoc|iPhone.Deploy.0 = Release|Any CPU
		{15A81303-8FF9-47E9-A4A5-6A76B97D7DDD}.Ad-Hoc|iPhoneSimulator.ActiveCfg = Release|Any CPU
		{15A81303-8FF9-47E9-A4A5-6A76B97D7DDD}.Ad-Hoc|iPhoneSimulator.Build.0 = Release|Any CPU
		{15A81303-8FF9-47E9-A4A5-6A76B97D7DDD}.Ad-Hoc|iPhoneSimulator.Deploy.0 = Release|Any CPU
		{15A81303-8FF9-47E9-A4A5-6A76B97D7DDD}.Ad-Hoc|x86.ActiveCfg = Release|x86
		{15A81303-8FF9-47E9-A4A5-6A76B97D7DDD}.Ad-Hoc|x86.Build.0 = Release|x86
		{15A81303-8FF9-47E9-A4A5-6A76B97D7DDD}.Ad-Hoc|x86.Deploy.0 = Release|x86
		{15A81303-8FF9-47E9-A4A5-6A76B97D7DDD}.AppStore|Any CPU.ActiveCfg = Release|Any CPU
		{15A81303-8FF9-47E9-A4A5-6A76B97D7DDD}.AppStore|Any CPU.Build.0 = Release|Any CPU
		{15A81303-8FF9-47E9-A4A5-6A76B97D7DDD}.AppStore|Any CPU.Deploy.0 = Release|Any CPU
		{15A81303-8FF9-47E9-A4A5-6A76B97D7DDD}.AppStore|ARM.ActiveCfg = Release|ARM
		{15A81303-8FF9-47E9-A4A5-6A76B97D7DDD}.AppStore|ARM.Build.0 = Release|ARM
		{15A81303-8FF9-47E9-A4A5-6A76B97D7DDD}.AppStore|ARM.Deploy.0 = Release|ARM
		{15A81303-8FF9-47E9-A4A5-6A76B97D7DDD}.AppStore|iPhone.ActiveCfg = Release|Any CPU
		{15A81303-8FF9-47E9-A4A5-6A76B97D7DDD}.AppStore|iPhone.Build.0 = Release|Any CPU
		{15A81303-8FF9-47E9-A4A5-6A76B97D7DDD}.AppStore|iPhone.Deploy.0 = Release|Any CPU
		{15A81303-8FF9-47E9-A4A5-6A76B97D7DDD}.AppStore|iPhoneSimulator.ActiveCfg = Release|Any CPU
		{15A81303-8FF9-47E9-A4A5-6A76B97D7DDD}.AppStore|iPhoneSimulator.Build.0 = Release|Any CPU
		{15A81303-8FF9-47E9-A4A5-6A76B97D7DDD}.AppStore|iPhoneSimulator.Deploy.0 = Release|Any CPU
		{15A81303-8FF9-47E9-A4A5-6A76B97D7DDD}.AppStore|x86.ActiveCfg = Release|x86
		{15A81303-8FF9-47E9-A4A5-6A76B97D7DDD}.AppStore|x86.Build.0 = Release|x86
		{15A81303-8FF9-47E9-A4A5-6A76B97D7DDD}.AppStore|x86.Deploy.0 = Release|x86
		{15A81303-8FF9-47E9-A4A5-6A76B97D7DDD}.Debug|Any CPU.ActiveCfg = Debug|Any CPU
		{15A81303-8FF9-47E9-A4A5-6A76B97D7DDD}.Debug|Any CPU.Build.0 = Debug|Any CPU
		{15A81303-8FF9-47E9-A4A5-6A76B97D7DDD}.Debug|Any CPU.Deploy.0 = Debug|Any CPU
		{15A81303-8FF9-47E9-A4A5-6A76B97D7DDD}.Debug|ARM.ActiveCfg = Debug|ARM
		{15A81303-8FF9-47E9-A4A5-6A76B97D7DDD}.Debug|ARM.Build.0 = Debug|ARM
		{15A81303-8FF9-47E9-A4A5-6A76B97D7DDD}.Debug|ARM.Deploy.0 = Debug|ARM
		{15A81303-8FF9-47E9-A4A5-6A76B97D7DDD}.Debug|iPhone.ActiveCfg = Debug|Any CPU
		{15A81303-8FF9-47E9-A4A5-6A76B97D7DDD}.Debug|iPhone.Build.0 = Debug|Any CPU
		{15A81303-8FF9-47E9-A4A5-6A76B97D7DDD}.Debug|iPhone.Deploy.0 = Debug|Any CPU
		{15A81303-8FF9-47E9-A4A5-6A76B97D7DDD}.Debug|iPhoneSimulator.ActiveCfg = Debug|Any CPU
		{15A81303-8FF9-47E9-A4A5-6A76B97D7DDD}.Debug|iPhoneSimulator.Build.0 = Debug|Any CPU
		{15A81303-8FF9-47E9-A4A5-6A76B97D7DDD}.Debug|iPhoneSimulator.Deploy.0 = Debug|Any CPU
		{15A81303-8FF9-47E9-A4A5-6A76B97D7DDD}.Debug|x86.ActiveCfg = Debug|x86
		{15A81303-8FF9-47E9-A4A5-6A76B97D7DDD}.Debug|x86.Build.0 = Debug|x86
		{15A81303-8FF9-47E9-A4A5-6A76B97D7DDD}.Debug|x86.Deploy.0 = Debug|x86
		{15A81303-8FF9-47E9-A4A5-6A76B97D7DDD}.Release|Any CPU.ActiveCfg = Release|Any CPU
		{15A81303-8FF9-47E9-A4A5-6A76B97D7DDD}.Release|Any CPU.Build.0 = Release|Any CPU
		{15A81303-8FF9-47E9-A4A5-6A76B97D7DDD}.Release|Any CPU.Deploy.0 = Release|Any CPU
		{15A81303-8FF9-47E9-A4A5-6A76B97D7DDD}.Release|ARM.ActiveCfg = Release|ARM
		{15A81303-8FF9-47E9-A4A5-6A76B97D7DDD}.Release|ARM.Build.0 = Release|ARM
		{15A81303-8FF9-47E9-A4A5-6A76B97D7DDD}.Release|ARM.Deploy.0 = Release|ARM
		{15A81303-8FF9-47E9-A4A5-6A76B97D7DDD}.Release|iPhone.ActiveCfg = Release|Any CPU
		{15A81303-8FF9-47E9-A4A5-6A76B97D7DDD}.Release|iPhone.Build.0 = Release|Any CPU
		{15A81303-8FF9-47E9-A4A5-6A76B97D7DDD}.Release|iPhone.Deploy.0 = Release|Any CPU
		{15A81303-8FF9-47E9-A4A5-6A76B97D7DDD}.Release|iPhoneSimulator.ActiveCfg = Release|Any CPU
		{15A81303-8FF9-47E9-A4A5-6A76B97D7DDD}.Release|iPhoneSimulator.Build.0 = Release|Any CPU
		{15A81303-8FF9-47E9-A4A5-6A76B97D7DDD}.Release|iPhoneSimulator.Deploy.0 = Release|Any CPU
		{15A81303-8FF9-47E9-A4A5-6A76B97D7DDD}.Release|x86.ActiveCfg = Release|x86
		{15A81303-8FF9-47E9-A4A5-6A76B97D7DDD}.Release|x86.Build.0 = Release|x86
		{15A81303-8FF9-47E9-A4A5-6A76B97D7DDD}.Release|x86.Deploy.0 = Release|x86
		{D70CCC96-BB00-48F1-8A03-ECCE04D7EB6E}.Ad-Hoc|Any CPU.ActiveCfg = Ad-Hoc|iPhone
		{D70CCC96-BB00-48F1-8A03-ECCE04D7EB6E}.Ad-Hoc|ARM.ActiveCfg = Ad-Hoc|iPhone
		{D70CCC96-BB00-48F1-8A03-ECCE04D7EB6E}.Ad-Hoc|iPhone.ActiveCfg = Ad-Hoc|iPhone
		{D70CCC96-BB00-48F1-8A03-ECCE04D7EB6E}.Ad-Hoc|iPhone.Build.0 = Ad-Hoc|iPhone
		{D70CCC96-BB00-48F1-8A03-ECCE04D7EB6E}.Ad-Hoc|iPhoneSimulator.ActiveCfg = Ad-Hoc|iPhoneSimulator
		{D70CCC96-BB00-48F1-8A03-ECCE04D7EB6E}.Ad-Hoc|iPhoneSimulator.Build.0 = Ad-Hoc|iPhoneSimulator
		{D70CCC96-BB00-48F1-8A03-ECCE04D7EB6E}.Ad-Hoc|x86.ActiveCfg = Ad-Hoc|iPhone
		{D70CCC96-BB00-48F1-8A03-ECCE04D7EB6E}.AppStore|Any CPU.ActiveCfg = AppStore|iPhone
		{D70CCC96-BB00-48F1-8A03-ECCE04D7EB6E}.AppStore|ARM.ActiveCfg = AppStore|iPhone
		{D70CCC96-BB00-48F1-8A03-ECCE04D7EB6E}.AppStore|iPhone.ActiveCfg = AppStore|iPhone
		{D70CCC96-BB00-48F1-8A03-ECCE04D7EB6E}.AppStore|iPhone.Build.0 = AppStore|iPhone
		{D70CCC96-BB00-48F1-8A03-ECCE04D7EB6E}.AppStore|iPhoneSimulator.ActiveCfg = AppStore|iPhoneSimulator
		{D70CCC96-BB00-48F1-8A03-ECCE04D7EB6E}.AppStore|iPhoneSimulator.Build.0 = AppStore|iPhoneSimulator
		{D70CCC96-BB00-48F1-8A03-ECCE04D7EB6E}.AppStore|x86.ActiveCfg = AppStore|iPhone
		{D70CCC96-BB00-48F1-8A03-ECCE04D7EB6E}.Debug|Any CPU.ActiveCfg = Debug|iPhone
		{D70CCC96-BB00-48F1-8A03-ECCE04D7EB6E}.Debug|ARM.ActiveCfg = Debug|iPhone
		{D70CCC96-BB00-48F1-8A03-ECCE04D7EB6E}.Debug|iPhone.ActiveCfg = Debug|iPhone
		{D70CCC96-BB00-48F1-8A03-ECCE04D7EB6E}.Debug|iPhone.Build.0 = Debug|iPhone
		{D70CCC96-BB00-48F1-8A03-ECCE04D7EB6E}.Debug|iPhoneSimulator.ActiveCfg = Debug|iPhoneSimulator
		{D70CCC96-BB00-48F1-8A03-ECCE04D7EB6E}.Debug|iPhoneSimulator.Build.0 = Debug|iPhoneSimulator
		{D70CCC96-BB00-48F1-8A03-ECCE04D7EB6E}.Debug|x86.ActiveCfg = Debug|iPhone
		{D70CCC96-BB00-48F1-8A03-ECCE04D7EB6E}.Release|Any CPU.ActiveCfg = Release|iPhone
		{D70CCC96-BB00-48F1-8A03-ECCE04D7EB6E}.Release|ARM.ActiveCfg = Release|iPhone
		{D70CCC96-BB00-48F1-8A03-ECCE04D7EB6E}.Release|iPhone.ActiveCfg = Release|iPhone
		{D70CCC96-BB00-48F1-8A03-ECCE04D7EB6E}.Release|iPhone.Build.0 = Release|iPhone
		{D70CCC96-BB00-48F1-8A03-ECCE04D7EB6E}.Release|iPhoneSimulator.ActiveCfg = Release|iPhoneSimulator
		{D70CCC96-BB00-48F1-8A03-ECCE04D7EB6E}.Release|iPhoneSimulator.Build.0 = Release|iPhoneSimulator
		{D70CCC96-BB00-48F1-8A03-ECCE04D7EB6E}.Release|x86.ActiveCfg = Release|iPhone
		{57A88BA1-2334-4838-B3AE-98EE1608767D}.Ad-Hoc|Any CPU.ActiveCfg = Release|Any CPU
		{57A88BA1-2334-4838-B3AE-98EE1608767D}.Ad-Hoc|Any CPU.Build.0 = Release|Any CPU
		{57A88BA1-2334-4838-B3AE-98EE1608767D}.Ad-Hoc|Any CPU.Deploy.0 = Release|Any CPU
		{57A88BA1-2334-4838-B3AE-98EE1608767D}.Ad-Hoc|ARM.ActiveCfg = Release|Any CPU
		{57A88BA1-2334-4838-B3AE-98EE1608767D}.Ad-Hoc|ARM.Build.0 = Release|Any CPU
		{57A88BA1-2334-4838-B3AE-98EE1608767D}.Ad-Hoc|ARM.Deploy.0 = Release|Any CPU
		{57A88BA1-2334-4838-B3AE-98EE1608767D}.Ad-Hoc|iPhone.ActiveCfg = Release|Any CPU
		{57A88BA1-2334-4838-B3AE-98EE1608767D}.Ad-Hoc|iPhone.Build.0 = Release|Any CPU
		{57A88BA1-2334-4838-B3AE-98EE1608767D}.Ad-Hoc|iPhone.Deploy.0 = Release|Any CPU
		{57A88BA1-2334-4838-B3AE-98EE1608767D}.Ad-Hoc|iPhoneSimulator.ActiveCfg = Release|Any CPU
		{57A88BA1-2334-4838-B3AE-98EE1608767D}.Ad-Hoc|iPhoneSimulator.Build.0 = Release|Any CPU
		{57A88BA1-2334-4838-B3AE-98EE1608767D}.Ad-Hoc|iPhoneSimulator.Deploy.0 = Release|Any CPU
		{57A88BA1-2334-4838-B3AE-98EE1608767D}.Ad-Hoc|x86.ActiveCfg = Release|Any CPU
		{57A88BA1-2334-4838-B3AE-98EE1608767D}.Ad-Hoc|x86.Build.0 = Release|Any CPU
		{57A88BA1-2334-4838-B3AE-98EE1608767D}.Ad-Hoc|x86.Deploy.0 = Release|Any CPU
		{57A88BA1-2334-4838-B3AE-98EE1608767D}.AppStore|Any CPU.ActiveCfg = Release|Any CPU
		{57A88BA1-2334-4838-B3AE-98EE1608767D}.AppStore|Any CPU.Build.0 = Release|Any CPU
		{57A88BA1-2334-4838-B3AE-98EE1608767D}.AppStore|Any CPU.Deploy.0 = Release|Any CPU
		{57A88BA1-2334-4838-B3AE-98EE1608767D}.AppStore|ARM.ActiveCfg = Release|Any CPU
		{57A88BA1-2334-4838-B3AE-98EE1608767D}.AppStore|ARM.Build.0 = Release|Any CPU
		{57A88BA1-2334-4838-B3AE-98EE1608767D}.AppStore|ARM.Deploy.0 = Release|Any CPU
		{57A88BA1-2334-4838-B3AE-98EE1608767D}.AppStore|iPhone.ActiveCfg = Release|Any CPU
		{57A88BA1-2334-4838-B3AE-98EE1608767D}.AppStore|iPhone.Build.0 = Release|Any CPU
		{57A88BA1-2334-4838-B3AE-98EE1608767D}.AppStore|iPhone.Deploy.0 = Release|Any CPU
		{57A88BA1-2334-4838-B3AE-98EE1608767D}.AppStore|iPhoneSimulator.ActiveCfg = Release|Any CPU
		{57A88BA1-2334-4838-B3AE-98EE1608767D}.AppStore|iPhoneSimulator.Build.0 = Release|Any CPU
		{57A88BA1-2334-4838-B3AE-98EE1608767D}.AppStore|iPhoneSimulator.Deploy.0 = Release|Any CPU
		{57A88BA1-2334-4838-B3AE-98EE1608767D}.AppStore|x86.ActiveCfg = Release|Any CPU
		{57A88BA1-2334-4838-B3AE-98EE1608767D}.AppStore|x86.Build.0 = Release|Any CPU
		{57A88BA1-2334-4838-B3AE-98EE1608767D}.AppStore|x86.Deploy.0 = Release|Any CPU
		{57A88BA1-2334-4838-B3AE-98EE1608767D}.Debug|Any CPU.ActiveCfg = Debug|Any CPU
		{57A88BA1-2334-4838-B3AE-98EE1608767D}.Debug|Any CPU.Build.0 = Debug|Any CPU
		{57A88BA1-2334-4838-B3AE-98EE1608767D}.Debug|Any CPU.Deploy.0 = Debug|Any CPU
		{57A88BA1-2334-4838-B3AE-98EE1608767D}.Debug|ARM.ActiveCfg = Debug|Any CPU
		{57A88BA1-2334-4838-B3AE-98EE1608767D}.Debug|ARM.Build.0 = Debug|Any CPU
		{57A88BA1-2334-4838-B3AE-98EE1608767D}.Debug|ARM.Deploy.0 = Debug|Any CPU
		{57A88BA1-2334-4838-B3AE-98EE1608767D}.Debug|iPhone.ActiveCfg = Debug|Any CPU
		{57A88BA1-2334-4838-B3AE-98EE1608767D}.Debug|iPhone.Build.0 = Debug|Any CPU
		{57A88BA1-2334-4838-B3AE-98EE1608767D}.Debug|iPhone.Deploy.0 = Debug|Any CPU
		{57A88BA1-2334-4838-B3AE-98EE1608767D}.Debug|iPhoneSimulator.ActiveCfg = Debug|Any CPU
		{57A88BA1-2334-4838-B3AE-98EE1608767D}.Debug|iPhoneSimulator.Build.0 = Debug|Any CPU
		{57A88BA1-2334-4838-B3AE-98EE1608767D}.Debug|iPhoneSimulator.Deploy.0 = Debug|Any CPU
		{57A88BA1-2334-4838-B3AE-98EE1608767D}.Debug|x86.ActiveCfg = Debug|Any CPU
		{57A88BA1-2334-4838-B3AE-98EE1608767D}.Debug|x86.Build.0 = Debug|Any CPU
		{57A88BA1-2334-4838-B3AE-98EE1608767D}.Debug|x86.Deploy.0 = Debug|Any CPU
		{57A88BA1-2334-4838-B3AE-98EE1608767D}.Release|Any CPU.ActiveCfg = Release|Any CPU
		{57A88BA1-2334-4838-B3AE-98EE1608767D}.Release|Any CPU.Build.0 = Release|Any CPU
		{57A88BA1-2334-4838-B3AE-98EE1608767D}.Release|Any CPU.Deploy.0 = Release|Any CPU
		{57A88BA1-2334-4838-B3AE-98EE1608767D}.Release|ARM.ActiveCfg = Release|Any CPU
		{57A88BA1-2334-4838-B3AE-98EE1608767D}.Release|ARM.Build.0 = Release|Any CPU
		{57A88BA1-2334-4838-B3AE-98EE1608767D}.Release|ARM.Deploy.0 = Release|Any CPU
		{57A88BA1-2334-4838-B3AE-98EE1608767D}.Release|iPhone.ActiveCfg = Release|Any CPU
		{57A88BA1-2334-4838-B3AE-98EE1608767D}.Release|iPhone.Build.0 = Release|Any CPU
		{57A88BA1-2334-4838-B3AE-98EE1608767D}.Release|iPhone.Deploy.0 = Release|Any CPU
		{57A88BA1-2334-4838-B3AE-98EE1608767D}.Release|iPhoneSimulator.ActiveCfg = Release|Any CPU
		{57A88BA1-2334-4838-B3AE-98EE1608767D}.Release|iPhoneSimulator.Build.0 = Release|Any CPU
		{57A88BA1-2334-4838-B3AE-98EE1608767D}.Release|iPhoneSimulator.Deploy.0 = Release|Any CPU
		{57A88BA1-2334-4838-B3AE-98EE1608767D}.Release|x86.ActiveCfg = Release|Any CPU
		{57A88BA1-2334-4838-B3AE-98EE1608767D}.Release|x86.Build.0 = Release|Any CPU
		{57A88BA1-2334-4838-B3AE-98EE1608767D}.Release|x86.Deploy.0 = Release|Any CPU
	EndGlobalSection
	GlobalSection(SolutionProperties) = preSolution
		HideSolutionNode = FALSE
	EndGlobalSection
EndGlobal
